
Microsoft Visual Studio Solution File, Format Version 12.00
# Visual Studio Version 17
VisualStudioVersion = 17.11.35327.3
MinimumVisualStudioVersion = 10.0.40219.1
Project("{FAE04EC0-301F-11D3-BF4B-00C04F79EFBC}") = "FI.WebAtividadeEntrevista", "FI.WebAtividadeEntrevista\FI.WebAtividadeEntrevista.csproj", "{342FB59A-7EF6-4B17-BA0C-A6E8209A4D30}"
EndProject
Project("{FAE04EC0-301F-11D3-BF4B-00C04F79EFBC}") = "FI.AtividadeEntrevista", "FI.AtividadeEntrevista\FI.AtividadeEntrevista.csproj", "{2B795BB7-A890-48FA-8F70-EF89F2E318D8}"
EndProject
Global
	GlobalSection(SolutionConfigurationPlatforms) = preSolution
		Debug|Any CPU = Debug|Any CPU
		Release|Any CPU = Release|Any CPU
	EndGlobalSection
	GlobalSection(ProjectConfigurationPlatforms) = postSolution
		{342FB59A-7EF6-4B17-BA0C-A6E8209A4D30}.Debug|Any CPU.ActiveCfg = Debug|Any CPU
		{342FB59A-7EF6-4B17-BA0C-A6E8209A4D30}.Debug|Any CPU.Build.0 = Debug|Any CPU
		{342FB59A-7EF6-4B17-BA0C-A6E8209A4D30}.Release|Any CPU.ActiveCfg = Release|Any CPU
		{342FB59A-7EF6-4B17-BA0C-A6E8209A4D30}.Release|Any CPU.Build.0 = Release|Any CPU
		{2B795BB7-A890-48FA-8F70-EF89F2E318D8}.Debug|Any CPU.ActiveCfg = Debug|Any CPU
		{2B795BB7-A890-48FA-8F70-EF89F2E318D8}.Debug|Any CPU.Build.0 = Debug|Any CPU
		{2B795BB7-A890-48FA-8F70-EF89F2E318D8}.Release|Any CPU.ActiveCfg = Release|Any CPU
		{2B795BB7-A890-48FA-8F70-EF89F2E318D8}.Release|Any CPU.Build.0 = Release|Any CPU
	EndGlobalSection
	GlobalSection(SolutionProperties) = preSolution
		HideSolutionNode = FALSE
	EndGlobalSection
	GlobalSection(ExtensibilityGlobals) = postSolution
		SolutionGuid = {7E641671-A9B4-4714-99DD-831301CA3B8B}
	EndGlobalSection
EndGlobal
